
Microsoft Visual Studio Solution File, Format Version 12.00
# Visual Studio Version 17
VisualStudioVersion = 17.2.32616.157
MinimumVisualStudioVersion = 10.0.40219.1
Project("{FAE04EC0-301F-11D3-BF4B-00C04F79EFBC}") = "OrderManagement.API", "OrderManagement.API\OrderManagement.API.csproj", "{847249A3-D817-428E-826F-7A1E2E2354D6}"
EndProject
Project("{FAE04EC0-301F-11D3-BF4B-00C04F79EFBC}") = "OrderManagement.BusinessEngine", "OrderManagement.BusinessEngine\OrderManagement.BusinessEngine.csproj", "{8C32F845-1DB4-4C39-8699-D02CD7E9A6C2}"
EndProject
Project("{FAE04EC0-301F-11D3-BF4B-00C04F79EFBC}") = "OrderManagement.Common", "OrderManagement.Common\OrderManagement.Common.csproj", "{0E18AD6E-81BE-4EA1-AA7A-3097C832082D}"
EndProject
Project("{FAE04EC0-301F-11D3-BF4B-00C04F79EFBC}") = "OrderManagement.Data", "OrderManagement.Data\OrderManagement.Data.csproj", "{1EE69E78-3506-429E-8AE7-AC5CFD1508B3}"
EndProject
Global
	GlobalSection(SolutionConfigurationPlatforms) = preSolution
		Debug|Any CPU = Debug|Any CPU
		Release|Any CPU = Release|Any CPU
	EndGlobalSection
	GlobalSection(ProjectConfigurationPlatforms) = postSolution
		{847249A3-D817-428E-826F-7A1E2E2354D6}.Debug|Any CPU.ActiveCfg = Debug|Any CPU
		{847249A3-D817-428E-826F-7A1E2E2354D6}.Debug|Any CPU.Build.0 = Debug|Any CPU
		{847249A3-D817-428E-826F-7A1E2E2354D6}.Release|Any CPU.ActiveCfg = Release|Any CPU
		{847249A3-D817-428E-826F-7A1E2E2354D6}.Release|Any CPU.Build.0 = Release|Any CPU
		{8C32F845-1DB4-4C39-8699-D02CD7E9A6C2}.Debug|Any CPU.ActiveCfg = Debug|Any CPU
		{8C32F845-1DB4-4C39-8699-D02CD7E9A6C2}.Debug|Any CPU.Build.0 = Debug|Any CPU
		{8C32F845-1DB4-4C39-8699-D02CD7E9A6C2}.Release|Any CPU.ActiveCfg = Release|Any CPU
		{8C32F845-1DB4-4C39-8699-D02CD7E9A6C2}.Release|Any CPU.Build.0 = Release|Any CPU
		{0E18AD6E-81BE-4EA1-AA7A-3097C832082D}.Debug|Any CPU.ActiveCfg = Debug|Any CPU
		{0E18AD6E-81BE-4EA1-AA7A-3097C832082D}.Debug|Any CPU.Build.0 = Debug|Any CPU
		{0E18AD6E-81BE-4EA1-AA7A-3097C832082D}.Release|Any CPU.ActiveCfg = Release|Any CPU
		{0E18AD6E-81BE-4EA1-AA7A-3097C832082D}.Release|Any CPU.Build.0 = Release|Any CPU
		{1EE69E78-3506-429E-8AE7-AC5CFD1508B3}.Debug|Any CPU.ActiveCfg = Debug|Any CPU
		{1EE69E78-3506-429E-8AE7-AC5CFD1508B3}.Debug|Any CPU.Build.0 = Debug|Any CPU
		{1EE69E78-3506-429E-8AE7-AC5CFD1508B3}.Release|Any CPU.ActiveCfg = Release|Any CPU
		{1EE69E78-3506-429E-8AE7-AC5CFD1508B3}.Release|Any CPU.Build.0 = Release|Any CPU
	EndGlobalSection
	GlobalSection(SolutionProperties) = preSolution
		HideSolutionNode = FALSE
	EndGlobalSection
	GlobalSection(ExtensibilityGlobals) = postSolution
		SolutionGuid = {FCCEA434-6A2A-4420-9BFB-063A150850F1}
	EndGlobalSection
EndGlobal
